// !$*UTF8*$!
{
	archiveVersion = 1;
	classes = {
	};
	objectVersion = 55;
	objects = {

/* Begin PBXBuildFile section */
		D83244CB28E32A22004EBC75 /* AppDelegate.swift in Sources */ = {isa = PBXBuildFile; fileRef = D83244CA28E32A22004EBC75 /* AppDelegate.swift */; };
		D83244CD28E32A22004EBC75 /* SceneDelegate.swift in Sources */ = {isa = PBXBuildFile; fileRef = D83244CC28E32A22004EBC75 /* SceneDelegate.swift */; };
		D83244CF28E32A22004EBC75 /* ViewController.swift in Sources */ = {isa = PBXBuildFile; fileRef = D83244CE28E32A22004EBC75 /* ViewController.swift */; };
		D83244D228E32A22004EBC75 /* Main.storyboard in Resources */ = {isa = PBXBuildFile; fileRef = D83244D028E32A22004EBC75 /* Main.storyboard */; };
		D83244D528E32A22004EBC75 /* Winx.xcdatamodeld in Sources */ = {isa = PBXBuildFile; fileRef = D83244D328E32A22004EBC75 /* Winx.xcdatamodeld */; };
		D83244D728E32A23004EBC75 /* Assets.xcassets in Resources */ = {isa = PBXBuildFile; fileRef = D83244D628E32A23004EBC75 /* Assets.xcassets */; };
		D83244DA28E32A23004EBC75 /* LaunchScreen.storyboard in Resources */ = {isa = PBXBuildFile; fileRef = D83244D828E32A23004EBC75 /* LaunchScreen.storyboard */; };
		D83244E228E32A86004EBC75 /* Winx.swift in Sources */ = {isa = PBXBuildFile; fileRef = D83244E128E32A86004EBC75 /* Winx.swift */; };
		D83244E828E32E11004EBC75 /* Enums.swift in Sources */ = {isa = PBXBuildFile; fileRef = D83244E728E32E11004EBC75 /* Enums.swift */; };
		D83244ED28E33634004EBC75 /* Fairies.swift in Sources */ = {isa = PBXBuildFile; fileRef = D83244EC28E33634004EBC75 /* Fairies.swift */; };
		D83244EF28E336F7004EBC75 /* Pixies.swift in Sources */ = {isa = PBXBuildFile; fileRef = D83244EE28E336F7004EBC75 /* Pixies.swift */; };
		D83244F128E33CF8004EBC75 /* AllFairies.swift in Sources */ = {isa = PBXBuildFile; fileRef = D83244F028E33CF8004EBC75 /* AllFairies.swift */; };
		D83F787428E35ECC00137E2D /* UIColor.swift in Sources */ = {isa = PBXBuildFile; fileRef = D83F787328E35ECC00137E2D /* UIColor.swift */; };
		D83F787628E36D0F00137E2D /* AddViewController.swift in Sources */ = {isa = PBXBuildFile; fileRef = D83F787528E36D0F00137E2D /* AddViewController.swift */; };
/* End PBXBuildFile section */

/* Begin PBXFileReference section */
		D83244C728E32A22004EBC75 /* Winx.app */ = {isa = PBXFileReference; explicitFileType = wrapper.application; includeInIndex = 0; path = Winx.app; sourceTree = BUILT_PRODUCTS_DIR; };
		D83244CA28E32A22004EBC75 /* AppDelegate.swift */ = {isa = PBXFileReference; lastKnownFileType = sourcecode.swift; path = AppDelegate.swift; sourceTree = "<group>"; };
		D83244CC28E32A22004EBC75 /* SceneDelegate.swift */ = {isa = PBXFileReference; lastKnownFileType = sourcecode.swift; path = SceneDelegate.swift; sourceTree = "<group>"; };
		D83244CE28E32A22004EBC75 /* ViewController.swift */ = {isa = PBXFileReference; lastKnownFileType = sourcecode.swift; path = ViewController.swift; sourceTree = "<group>"; };
		D83244D128E32A22004EBC75 /* Base */ = {isa = PBXFileReference; lastKnownFileType = file.storyboard; name = Base; path = Base.lproj/Main.storyboard; sourceTree = "<group>"; };
		D83244D428E32A22004EBC75 /* Winx.xcdatamodel */ = {isa = PBXFileReference; lastKnownFileType = wrapper.xcdatamodel; path = Winx.xcdatamodel; sourceTree = "<group>"; };
		D83244D628E32A23004EBC75 /* Assets.xcassets */ = {isa = PBXFileReference; lastKnownFileType = folder.assetcatalog; path = Assets.xcassets; sourceTree = "<group>"; };
		D83244D928E32A23004EBC75 /* Base */ = {isa = PBXFileReference; lastKnownFileType = file.storyboard; name = Base; path = Base.lproj/LaunchScreen.storyboard; sourceTree = "<group>"; };
		D83244DB28E32A23004EBC75 /* Info.plist */ = {isa = PBXFileReference; lastKnownFileType = text.plist.xml; path = Info.plist; sourceTree = "<group>"; };
		D83244E128E32A86004EBC75 /* Winx.swift */ = {isa = PBXFileReference; lastKnownFileType = sourcecode.swift; path = Winx.swift; sourceTree = "<group>"; };
		D83244E728E32E11004EBC75 /* Enums.swift */ = {isa = PBXFileReference; lastKnownFileType = sourcecode.swift; path = Enums.swift; sourceTree = "<group>"; };
		D83244EC28E33634004EBC75 /* Fairies.swift */ = {isa = PBXFileReference; lastKnownFileType = sourcecode.swift; path = Fairies.swift; sourceTree = "<group>"; };
		D83244EE28E336F7004EBC75 /* Pixies.swift */ = {isa = PBXFileReference; lastKnownFileType = sourcecode.swift; path = Pixies.swift; sourceTree = "<group>"; };
		D83244F028E33CF8004EBC75 /* AllFairies.swift */ = {isa = PBXFileReference; lastKnownFileType = sourcecode.swift; path = AllFairies.swift; sourceTree = "<group>"; };
		D83F787328E35ECC00137E2D /* UIColor.swift */ = {isa = PBXFileReference; lastKnownFileType = sourcecode.swift; path = UIColor.swift; sourceTree = "<group>"; };
		D83F787528E36D0F00137E2D /* AddViewController.swift */ = {isa = PBXFileReference; lastKnownFileType = sourcecode.swift; path = AddViewController.swift; sourceTree = "<group>"; };
/* End PBXFileReference section */

/* Begin PBXFrameworksBuildPhase section */
		D83244C428E32A22004EBC75 /* Frameworks */ = {
			isa = PBXFrameworksBuildPhase;
			buildActionMask = 2147483647;
			files = (
			);
			runOnlyForDeploymentPostprocessing = 0;
		};
/* End PBXFrameworksBuildPhase section */

/* Begin PBXGroup section */
		D83244BE28E32A22004EBC75 = {
			isa = PBXGroup;
			children = (
				D83244C928E32A22004EBC75 /* Winx */,
				D83244C828E32A22004EBC75 /* Products */,
			);
			sourceTree = "<group>";
		};
		D83244C828E32A22004EBC75 /* Products */ = {
			isa = PBXGroup;
			children = (
				D83244C728E32A22004EBC75 /* Winx.app */,
			);
			name = Products;
			sourceTree = "<group>";
		};
		D83244C928E32A22004EBC75 /* Winx */ = {
			isa = PBXGroup;
			children = (
				D83244CA28E32A22004EBC75 /* AppDelegate.swift */,
				D83244CC28E32A22004EBC75 /* SceneDelegate.swift */,
				D83244E628E32D9F004EBC75 /* Controllers */,
				D83244E328E32D19004EBC75 /* Model */,
				D83244E528E32D79004EBC75 /* View */,
				D83244D628E32A23004EBC75 /* Assets.xcassets */,
				D83F787328E35ECC00137E2D /* UIColor.swift */,
				D83244EC28E33634004EBC75 /* Fairies.swift */,
				D83244EE28E336F7004EBC75 /* Pixies.swift */,
				D83244F028E33CF8004EBC75 /* AllFairies.swift */,
				D83244DB28E32A23004EBC75 /* Info.plist */,
				D83244E428E32D2F004EBC75 /* Support */,
			);
			path = Winx;
			sourceTree = "<group>";
		};
		D83244E328E32D19004EBC75 /* Model */ = {
			isa = PBXGroup;
			children = (
				D83244E128E32A86004EBC75 /* Winx.swift */,
				D83244E728E32E11004EBC75 /* Enums.swift */,
			);
			path = Model;
			sourceTree = "<group>";
		};
		D83244E428E32D2F004EBC75 /* Support */ = {
			isa = PBXGroup;
			children = (
				D83244D328E32A22004EBC75 /* Winx.xcdatamodeld */,
				D83244D828E32A23004EBC75 /* LaunchScreen.storyboard */,
			);
			path = Support;
			sourceTree = "<group>";
		};
		D83244E528E32D79004EBC75 /* View */ = {
			isa = PBXGroup;
			children = (
				D83244D028E32A22004EBC75 /* Main.storyboard */,
			);
			path = View;
			sourceTree = "<group>";
		};
		D83244E628E32D9F004EBC75 /* Controllers */ = {
			isa = PBXGroup;
			children = (
				D83244CE28E32A22004EBC75 /* ViewController.swift */,
				D83F787528E36D0F00137E2D /* AddViewController.swift */,
			);
			path = Controllers;
			sourceTree = "<group>";
		};
/* End PBXGroup section */

/* Begin PBXNativeTarget section */
		D83244C628E32A22004EBC75 /* Winx */ = {
			isa = PBXNativeTarget;
			buildConfigurationList = D83244DE28E32A23004EBC75 /* Build configuration list for PBXNativeTarget "Winx" */;
			buildPhases = (
				D83244C328E32A22004EBC75 /* Sources */,
				D83244C428E32A22004EBC75 /* Frameworks */,
				D83244C528E32A22004EBC75 /* Resources */,
			);
			buildRules = (
			);
			dependencies = (
			);
			name = Winx;
			productName = Winx;
			productReference = D83244C728E32A22004EBC75 /* Winx.app */;
			productType = "com.apple.product-type.application";
		};
/* End PBXNativeTarget section */

/* Begin PBXProject section */
		D83244BF28E32A22004EBC75 /* Project object */ = {
			isa = PBXProject;
			attributes = {
				BuildIndependentTargetsInParallel = 1;
				LastSwiftUpdateCheck = 1340;
				LastUpgradeCheck = 1340;
				TargetAttributes = {
					D83244C628E32A22004EBC75 = {
						CreatedOnToolsVersion = 13.4.1;
					};
				};
			};
			buildConfigurationList = D83244C228E32A22004EBC75 /* Build configuration list for PBXProject "Winx" */;
			compatibilityVersion = "Xcode 13.0";
			developmentRegion = en;
			hasScannedForEncodings = 0;
			knownRegions = (
				en,
				Base,
			);
			mainGroup = D83244BE28E32A22004EBC75;
			productRefGroup = D83244C828E32A22004EBC75 /* Products */;
			projectDirPath = "";
			projectRoot = "";
			targets = (
				D83244C628E32A22004EBC75 /* Winx */,
			);
		};
/* End PBXProject section */

/* Begin PBXResourcesBuildPhase section */
		D83244C528E32A22004EBC75 /* Resources */ = {
			isa = PBXResourcesBuildPhase;
			buildActionMask = 2147483647;
			files = (
				D83244DA28E32A23004EBC75 /* LaunchScreen.storyboard in Resources */,
				D83244D728E32A23004EBC75 /* Assets.xcassets in Resources */,
				D83244D228E32A22004EBC75 /* Main.storyboard in Resources */,
			);
			runOnlyForDeploymentPostprocessing = 0;
		};
/* End PBXResourcesBuildPhase section */

/* Begin PBXSourcesBuildPhase section */
		D83244C328E32A22004EBC75 /* Sources */ = {
			isa = PBXSourcesBuildPhase;
			buildActionMask = 2147483647;
			files = (
				D83244CF28E32A22004EBC75 /* ViewController.swift in Sources */,
				D83244EF28E336F7004EBC75 /* Pixies.swift in Sources */,
				D83244E228E32A86004EBC75 /* Winx.swift in Sources */,
				D83F787628E36D0F00137E2D /* AddViewController.swift in Sources */,
				D83244CB28E32A22004EBC75 /* AppDelegate.swift in Sources */,
				D83244CD28E32A22004EBC75 /* SceneDelegate.swift in Sources */,
				D83244E828E32E11004EBC75 /* Enums.swift in Sources */,
				D83244ED28E33634004EBC75 /* Fairies.swift in Sources */,
				D83244D528E32A22004EBC75 /* Winx.xcdatamodeld in Sources */,
				D83244F128E33CF8004EBC75 /* AllFairies.swift in Sources */,
				D83F787428E35ECC00137E2D /* UIColor.swift in Sources */,
			);
			runOnlyForDeploymentPostprocessing = 0;
		};
/* End PBXSourcesBuildPhase section */

/* Begin PBXVariantGroup section */
		D83244D028E32A22004EBC75 /* Main.storyboard */ = {
			isa = PBXVariantGroup;
			children = (
				D83244D128E32A22004EBC75 /* Base */,
			);
			name = Main.storyboard;
			sourceTree = "<group>";
		};
		D83244D828E32A23004EBC75 /* LaunchScreen.storyboard */ = {
			isa = PBXVariantGroup;
			children = (
				D83244D928E32A23004EBC75 /* Base */,
			);
			name = LaunchScreen.storyboard;
			sourceTree = "<group>";
		};
/* End PBXVariantGroup section */

/* Begin XCBuildConfiguration section */
		D83244DC28E32A23004EBC75 /* Debug */ = {
			isa = XCBuildConfiguration;
			buildSettings = {
				ALWAYS_SEARCH_USER_PATHS = NO;
				CLANG_ANALYZER_NONNULL = YES;
				CLANG_ANALYZER_NUMBER_OBJECT_CONVERSION = YES_AGGRESSIVE;
				CLANG_CXX_LANGUAGE_STANDARD = "gnu++17";
				CLANG_ENABLE_MODULES = YES;
				CLANG_ENABLE_OBJC_ARC = YES;
				CLANG_ENABLE_OBJC_WEAK = YES;
				CLANG_WARN_BLOCK_CAPTURE_AUTORELEASING = YES;
				CLANG_WARN_BOOL_CONVERSION = YES;
				CLANG_WARN_COMMA = YES;
				CLANG_WARN_CONSTANT_CONVERSION = YES;
				CLANG_WARN_DEPRECATED_OBJC_IMPLEMENTATIONS = YES;
				CLANG_WARN_DIRECT_OBJC_ISA_USAGE = YES_ERROR;
				CLANG_WARN_DOCUMENTATION_COMMENTS = YES;
				CLANG_WARN_EMPTY_BODY = YES;
				CLANG_WARN_ENUM_CONVERSION = YES;
				CLANG_WARN_INFINITE_RECURSION = YES;
				CLANG_WARN_INT_CONVERSION = YES;
				CLANG_WARN_NON_LITERAL_NULL_CONVERSION = YES;
				CLANG_WARN_OBJC_IMPLICIT_RETAIN_SELF = YES;
				CLANG_WARN_OBJC_LITERAL_CONVERSION = YES;
				CLANG_WARN_OBJC_ROOT_CLASS = YES_ERROR;
				CLANG_WARN_QUOTED_INCLUDE_IN_FRAMEWORK_HEADER = YES;
				CLANG_WARN_RANGE_LOOP_ANALYSIS = YES;
				CLANG_WARN_STRICT_PROTOTYPES = YES;
				CLANG_WARN_SUSPICIOUS_MOVE = YES;
				CLANG_WARN_UNGUARDED_AVAILABILITY = YES_AGGRESSIVE;
				CLANG_WARN_UNREACHABLE_CODE = YES;
				CLANG_WARN__DUPLICATE_METHOD_MATCH = YES;
				COPY_PHASE_STRIP = NO;
				DEBUG_INFORMATION_FORMAT = dwarf;
				ENABLE_STRICT_OBJC_MSGSEND = YES;
				ENABLE_TESTABILITY = YES;
				GCC_C_LANGUAGE_STANDARD = gnu11;
				GCC_DYNAMIC_NO_PIC = NO;
				GCC_NO_COMMON_BLOCKS = YES;
				GCC_OPTIMIZATION_LEVEL = 0;
				GCC_PREPROCESSOR_DEFINITIONS = (
					"DEBUG=1",
					"$(inherited)",
				);
				GCC_WARN_64_TO_32_BIT_CONVERSION = YES;
				GCC_WARN_ABOUT_RETURN_TYPE = YES_ERROR;
				GCC_WARN_UNDECLARED_SELECTOR = YES;
				GCC_WARN_UNINITIALIZED_AUTOS = YES_AGGRESSIVE;
				GCC_WARN_UNUSED_FUNCTION = YES;
				GCC_WARN_UNUSED_VARIABLE = YES;
				IPHONEOS_DEPLOYMENT_TARGET = 15.5;
				MTL_ENABLE_DEBUG_INFO = INCLUDE_SOURCE;
				MTL_FAST_MATH = YES;
				ONLY_ACTIVE_ARCH = YES;
				SDKROOT = iphoneos;
				SWIFT_ACTIVE_COMPILATION_CONDITIONS = DEBUG;
				SWIFT_OPTIMIZATION_LEVEL = "-Onone";
			};
			name = Debug;
		};
		D83244DD28E32A23004EBC75 /* Release */ = {
			isa = XCBuildConfiguration;
			buildSettings = {
				ALWAYS_SEARCH_USER_PATHS = NO;
				CLANG_ANALYZER_NONNULL = YES;
				CLANG_ANALYZER_NUMBER_OBJECT_CONVERSION = YES_AGGRESSIVE;
				CLANG_CXX_LANGUAGE_STANDARD = "gnu++17";
				CLANG_ENABLE_MODULES = YES;
				CLANG_ENABLE_OBJC_ARC = YES;
				CLANG_ENABLE_OBJC_WEAK = YES;
				CLANG_WARN_BLOCK_CAPTURE_AUTORELEASING = YES;
				CLANG_WARN_BOOL_CONVERSION = YES;
				CLANG_WARN_COMMA = YES;
				CLANG_WARN_CONSTANT_CONVERSION = YES;
				CLANG_WARN_DEPRECATED_OBJC_IMPLEMENTATIONS = YES;
				CLANG_WARN_DIRECT_OBJC_ISA_USAGE = YES_ERROR;
				CLANG_WARN_DOCUMENTATION_COMMENTS = YES;
				CLANG_WARN_EMPTY_BODY = YES;
				CLANG_WARN_ENUM_CONVERSION = YES;
				CLANG_WARN_INFINITE_RECURSION = YES;
				CLANG_WARN_INT_CONVERSION = YES;
				CLANG_WARN_NON_LITERAL_NULL_CONVERSION = YES;
				CLANG_WARN_OBJC_IMPLICIT_RETAIN_SELF = YES;
				CLANG_WARN_OBJC_LITERAL_CONVERSION = YES;
				CLANG_WARN_OBJC_ROOT_CLASS = YES_ERROR;
				CLANG_WARN_QUOTED_INCLUDE_IN_FRAMEWORK_HEADER = YES;
				CLANG_WARN_RANGE_LOOP_ANALYSIS = YES;
				CLANG_WARN_STRICT_PROTOTYPES = YES;
				CLANG_WARN_SUSPICIOUS_MOVE = YES;
				CLANG_WARN_UNGUARDED_AVAILABILITY = YES_AGGRESSIVE;
				CLANG_WARN_UNREACHABLE_CODE = YES;
				CLANG_WARN__DUPLICATE_METHOD_MATCH = YES;
				COPY_PHASE_STRIP = NO;
				DEBUG_INFORMATION_FORMAT = "dwarf-with-dsym";
				ENABLE_NS_ASSERTIONS = NO;
				ENABLE_STRICT_OBJC_MSGSEND = YES;
				GCC_C_LANGUAGE_STANDARD = gnu11;
				GCC_NO_COMMON_BLOCKS = YES;
				GCC_WARN_64_TO_32_BIT_CONVERSION = YES;
				GCC_WARN_ABOUT_RETURN_TYPE = YES_ERROR;
				GCC_WARN_UNDECLARED_SELECTOR = YES;
				GCC_WARN_UNINITIALIZED_AUTOS = YES_AGGRESSIVE;
				GCC_WARN_UNUSED_FUNCTION = YES;
				GCC_WARN_UNUSED_VARIABLE = YES;
				IPHONEOS_DEPLOYMENT_TARGET = 15.5;
				MTL_ENABLE_DEBUG_INFO = NO;
				MTL_FAST_MATH = YES;
				SDKROOT = iphoneos;
				SWIFT_COMPILATION_MODE = wholemodule;
				SWIFT_OPTIMIZATION_LEVEL = "-O";
				VALIDATE_PRODUCT = YES;
			};
			name = Release;
		};
		D83244DF28E32A23004EBC75 /* Debug */ = {
			isa = XCBuildConfiguration;
			buildSettings = {
				ASSETCATALOG_COMPILER_APPICON_NAME = AppIcon;
				ASSETCATALOG_COMPILER_GLOBAL_ACCENT_COLOR_NAME = AccentColor;
				CODE_SIGN_STYLE = Automatic;
				CURRENT_PROJECT_VERSION = 1;
				DEVELOPMENT_TEAM = 5Y42486VU2;
				GENERATE_INFOPLIST_FILE = YES;
				INFOPLIST_FILE = Winx/Info.plist;
				INFOPLIST_KEY_UIApplicationSupportsIndirectInputEvents = YES;
				INFOPLIST_KEY_UILaunchStoryboardName = LaunchScreen;
				INFOPLIST_KEY_UIMainStoryboardFile = Main;
				INFOPLIST_KEY_UISupportedInterfaceOrientations_iPad = "UIInterfaceOrientationPortrait UIInterfaceOrientationPortraitUpsideDown UIInterfaceOrientationLandscapeLeft UIInterfaceOrientationLandscapeRight";
				INFOPLIST_KEY_UISupportedInterfaceOrientations_iPhone = "UIInterfaceOrientationPortrait UIInterfaceOrientationLandscapeLeft UIInterfaceOrientationLandscapeRight";
				LD_RUNPATH_SEARCH_PATHS = (
					"$(inherited)",
					"@executable_path/Frameworks",
				);
				MARKETING_VERSION = 1.0;
				PRODUCT_BUNDLE_IDENTIFIER = com.Winx;
				PRODUCT_NAME = "$(TARGET_NAME)";
				SWIFT_EMIT_LOC_STRINGS = YES;
				SWIFT_VERSION = 5.0;
				TARGETED_DEVICE_FAMILY = "1,2";
			};
			name = Debug;
		};
		D83244E028E32A23004EBC75 /* Release */ = {
			isa = XCBuildConfiguration;
			buildSettings = {
				ASSETCATALOG_COMPILER_APPICON_NAME = AppIcon;
				ASSETCATALOG_COMPILER_GLOBAL_ACCENT_COLOR_NAME = AccentColor;
				CODE_SIGN_STYLE = Automatic;
				CURRENT_PROJECT_VERSION = 1;
				DEVELOPMENT_TEAM = 5Y42486VU2;
				GENERATE_INFOPLIST_FILE = YES;
				INFOPLIST_FILE = Winx/Info.plist;
				INFOPLIST_KEY_UIApplicationSupportsIndirectInputEvents = YES;
				INFOPLIST_KEY_UILaunchStoryboardName = LaunchScreen;
				INFOPLIST_KEY_UIMainStoryboardFile = Main;
				INFOPLIST_KEY_UISupportedInterfaceOrientations_iPad = "UIInterfaceOrientationPortrait UIInterfaceOrientationPortraitUpsideDown UIInterfaceOrientationLandscapeLeft UIInterfaceOrientationLandscapeRight";
				INFOPLIST_KEY_UISupportedInterfaceOrientations_iPhone = "UIInterfaceOrientationPortrait UIInterfaceOrientationLandscapeLeft UIInterfaceOrientationLandscapeRight";
				LD_RUNPATH_SEARCH_PATHS = (
					"$(inherited)",
					"@executable_path/Frameworks",
				);
				MARKETING_VERSION = 1.0;
				PRODUCT_BUNDLE_IDENTIFIER = com.Winx;
				PRODUCT_NAME = "$(TARGET_NAME)";
				SWIFT_EMIT_LOC_STRINGS = YES;
				SWIFT_VERSION = 5.0;
				TARGETED_DEVICE_FAMILY = "1,2";
			};
			name = Release;
		};
/* End XCBuildConfiguration section */

/* Begin XCConfigurationList section */
		D83244C228E32A22004EBC75 /* Build configuration list for PBXProject "Winx" */ = {
			isa = XCConfigurationList;
			buildConfigurations = (
				D83244DC28E32A23004EBC75 /* Debug */,
				D83244DD28E32A23004EBC75 /* Release */,
			);
			defaultConfigurationIsVisible = 0;
			defaultConfigurationName = Release;
		};
		D83244DE28E32A23004EBC75 /* Build configuration list for PBXNativeTarget "Winx" */ = {
			isa = XCConfigurationList;
			buildConfigurations = (
				D83244DF28E32A23004EBC75 /* Debug */,
				D83244E028E32A23004EBC75 /* Release */,
			);
			defaultConfigurationIsVisible = 0;
			defaultConfigurationName = Release;
		};
/* End XCConfigurationList section */

/* Begin XCVersionGroup section */
		D83244D328E32A22004EBC75 /* Winx.xcdatamodeld */ = {
			isa = XCVersionGroup;
			children = (
				D83244D428E32A22004EBC75 /* Winx.xcdatamodel */,
			);
			currentVersion = D83244D428E32A22004EBC75 /* Winx.xcdatamodel */;
			path = Winx.xcdatamodeld;
			sourceTree = "<group>";
			versionGroupType = wrapper.xcdatamodel;
		};
/* End XCVersionGroup section */
	};
	rootObject = D83244BF28E32A22004EBC75 /* Project object */;
}
